// !$*UTF8*$!
{
	archiveVersion = 1;
	classes = {
	};
	objectVersion = 46;
	objects = {

/* Begin PBXBuildFile section */
		81815DA21AE3B6F70060FBF1 /* AppDelegate.swift in Sources */ = {isa = PBXBuildFile; fileRef = 81815DA11AE3B6F70060FBF1 /* AppDelegate.swift */; };
		81815DA41AE3B6F70060FBF1 /* ViewController.swift in Sources */ = {isa = PBXBuildFile; fileRef = 81815DA31AE3B6F70060FBF1 /* ViewController.swift */; };
		81815DA71AE3B6F70060FBF1 /* Main.storyboard in Resources */ = {isa = PBXBuildFile; fileRef = 81815DA51AE3B6F70060FBF1 /* Main.storyboard */; };
		81815DA91AE3B6F70060FBF1 /* Images.xcassets in Resources */ = {isa = PBXBuildFile; fileRef = 81815DA81AE3B6F70060FBF1 /* Images.xcassets */; };
		81815DAC1AE3B6F70060FBF1 /* LaunchScreen.xib in Resources */ = {isa = PBXBuildFile; fileRef = 81815DAA1AE3B6F70060FBF1 /* LaunchScreen.xib */; };
		81815DB81AE3B6F70060FBF1 /* GiveLifeTests.swift in Sources */ = {isa = PBXBuildFile; fileRef = 81815DB71AE3B6F70060FBF1 /* GiveLifeTests.swift */; };
		81815DC81AE3B7690060FBF1 /* SystemConfiguration.framework in Frameworks */ = {isa = PBXBuildFile; fileRef = 81815DC71AE3B7690060FBF1 /* SystemConfiguration.framework */; };
		81815DC91AE3B7700060FBF1 /* libstdc++.6.dylib in Frameworks */ = {isa = PBXBuildFile; fileRef = 81815DC21AE3B73A0060FBF1 /* libstdc++.6.dylib */; };
		81815DCA1AE3B7750060FBF1 /* MobileCoreServices.framework in Frameworks */ = {isa = PBXBuildFile; fileRef = 81815DC41AE3B7420060FBF1 /* MobileCoreServices.framework */; };
		81815DCC1AE3B7800060FBF1 /* libsqlite3.dylib in Frameworks */ = {isa = PBXBuildFile; fileRef = 81815DCB1AE3B7800060FBF1 /* libsqlite3.dylib */; };
		81815DCE1AE3B7A60060FBF1 /* AudioToolbox.framework in Frameworks */ = {isa = PBXBuildFile; fileRef = 81815DCD1AE3B7A60060FBF1 /* AudioToolbox.framework */; };
		81815DD01AE3B7EE0060FBF1 /* Parse.framework in Frameworks */ = {isa = PBXBuildFile; fileRef = 81815DCF1AE3B7EE0060FBF1 /* Parse.framework */; };
		81815DD21AE3B82E0060FBF1 /* Bolts.framework in Frameworks */ = {isa = PBXBuildFile; fileRef = 81815DD11AE3B82E0060FBF1 /* Bolts.framework */; };
/* End PBXBuildFile section */

/* Begin PBXContainerItemProxy section */
		81815DB21AE3B6F70060FBF1 /* PBXContainerItemProxy */ = {
			isa = PBXContainerItemProxy;
			containerPortal = 81815D941AE3B6F70060FBF1 /* Project object */;
			proxyType = 1;
			remoteGlobalIDString = 81815D9B1AE3B6F70060FBF1;
			remoteInfo = GiveLife;
		};
/* End PBXContainerItemProxy section */

/* Begin PBXFileReference section */
		81815D9C1AE3B6F70060FBF1 /* GiveLife.app */ = {isa = PBXFileReference; explicitFileType = wrapper.application; includeInIndex = 0; path = GiveLife.app; sourceTree = BUILT_PRODUCTS_DIR; };
		81815DA01AE3B6F70060FBF1 /* Info.plist */ = {isa = PBXFileReference; lastKnownFileType = text.plist.xml; path = Info.plist; sourceTree = "<group>"; };
		81815DA11AE3B6F70060FBF1 /* AppDelegate.swift */ = {isa = PBXFileReference; lastKnownFileType = sourcecode.swift; path = AppDelegate.swift; sourceTree = "<group>"; };
		81815DA31AE3B6F70060FBF1 /* ViewController.swift */ = {isa = PBXFileReference; lastKnownFileType = sourcecode.swift; path = ViewController.swift; sourceTree = "<group>"; };
		81815DA61AE3B6F70060FBF1 /* Base */ = {isa = PBXFileReference; lastKnownFileType = file.storyboard; name = Base; path = Base.lproj/Main.storyboard; sourceTree = "<group>"; };
		81815DA81AE3B6F70060FBF1 /* Images.xcassets */ = {isa = PBXFileReference; lastKnownFileType = folder.assetcatalog; path = Images.xcassets; sourceTree = "<group>"; };
		81815DAB1AE3B6F70060FBF1 /* Base */ = {isa = PBXFileReference; lastKnownFileType = file.xib; name = Base; path = Base.lproj/LaunchScreen.xib; sourceTree = "<group>"; };
		81815DB11AE3B6F70060FBF1 /* GiveLifeTests.xctest */ = {isa = PBXFileReference; explicitFileType = wrapper.cfbundle; includeInIndex = 0; path = GiveLifeTests.xctest; sourceTree = BUILT_PRODUCTS_DIR; };
		81815DB61AE3B6F70060FBF1 /* Info.plist */ = {isa = PBXFileReference; lastKnownFileType = text.plist.xml; path = Info.plist; sourceTree = "<group>"; };
		81815DB71AE3B6F70060FBF1 /* GiveLifeTests.swift */ = {isa = PBXFileReference; lastKnownFileType = sourcecode.swift; path = GiveLifeTests.swift; sourceTree = "<group>"; };
		81815DC21AE3B73A0060FBF1 /* libstdc++.6.dylib */ = {isa = PBXFileReference; lastKnownFileType = "compiled.mach-o.dylib"; name = "libstdc++.6.dylib"; path = "usr/lib/libstdc++.6.dylib"; sourceTree = SDKROOT; };
		81815DC41AE3B7420060FBF1 /* MobileCoreServices.framework */ = {isa = PBXFileReference; lastKnownFileType = wrapper.framework; name = MobileCoreServices.framework; path = System/Library/Frameworks/MobileCoreServices.framework; sourceTree = SDKROOT; };
		81815DC71AE3B7690060FBF1 /* SystemConfiguration.framework */ = {isa = PBXFileReference; lastKnownFileType = wrapper.framework; name = SystemConfiguration.framework; path = System/Library/Frameworks/SystemConfiguration.framework; sourceTree = SDKROOT; };
		81815DCB1AE3B7800060FBF1 /* libsqlite3.dylib */ = {isa = PBXFileReference; lastKnownFileType = "compiled.mach-o.dylib"; name = libsqlite3.dylib; path = usr/lib/libsqlite3.dylib; sourceTree = SDKROOT; };
		81815DCD1AE3B7A60060FBF1 /* AudioToolbox.framework */ = {isa = PBXFileReference; lastKnownFileType = wrapper.framework; name = AudioToolbox.framework; path = System/Library/Frameworks/AudioToolbox.framework; sourceTree = SDKROOT; };
		81815DCF1AE3B7EE0060FBF1 /* Parse.framework */ = {isa = PBXFileReference; lastKnownFileType = wrapper.framework; name = Parse.framework; path = Frameworks/Parse.framework; sourceTree = "<group>"; };
		81815DD11AE3B82E0060FBF1 /* Bolts.framework */ = {isa = PBXFileReference; lastKnownFileType = wrapper.framework; name = Bolts.framework; path = Frameworks/Bolts.framework; sourceTree = "<group>"; };
/* End PBXFileReference section */

/* Begin PBXFrameworksBuildPhase section */
		81815D991AE3B6F70060FBF1 /* Frameworks */ = {
			isa = PBXFrameworksBuildPhase;
			buildActionMask = 2147483647;
			files = (
				81815DCE1AE3B7A60060FBF1 /* AudioToolbox.framework in Frameworks */,
				81815DCC1AE3B7800060FBF1 /* libsqlite3.dylib in Frameworks */,
				81815DCA1AE3B7750060FBF1 /* MobileCoreServices.framework in Frameworks */,
				81815DC91AE3B7700060FBF1 /* libstdc++.6.dylib in Frameworks */,
				81815DD01AE3B7EE0060FBF1 /* Parse.framework in Frameworks */,
				81815DC81AE3B7690060FBF1 /* SystemConfiguration.framework in Frameworks */,
				81815DD21AE3B82E0060FBF1 /* Bolts.framework in Frameworks */,
			);
			runOnlyForDeploymentPostprocessing = 0;
		};
		81815DAE1AE3B6F70060FBF1 /* Frameworks */ = {
			isa = PBXFrameworksBuildPhase;
			buildActionMask = 2147483647;
			files = (
			);
			runOnlyForDeploymentPostprocessing = 0;
		};
/* End PBXFrameworksBuildPhase section */

/* Begin PBXGroup section */
		81815D931AE3B6F70060FBF1 = {
			isa = PBXGroup;
			children = (
				81815D9E1AE3B6F70060FBF1 /* GiveLife */,
				81815DB41AE3B6F70060FBF1 /* GiveLifeTests */,
				81815DC61AE3B7450060FBF1 /* Frameworks */,
				81815D9D1AE3B6F70060FBF1 /* Products */,
			);
			sourceTree = "<group>";
		};
		81815D9D1AE3B6F70060FBF1 /* Products */ = {
			isa = PBXGroup;
			children = (
				81815D9C1AE3B6F70060FBF1 /* GiveLife.app */,
				81815DB11AE3B6F70060FBF1 /* GiveLifeTests.xctest */,
			);
			name = Products;
			sourceTree = "<group>";
		};
		81815D9E1AE3B6F70060FBF1 /* GiveLife */ = {
			isa = PBXGroup;
			children = (
				81815DA11AE3B6F70060FBF1 /* AppDelegate.swift */,
				81815DA31AE3B6F70060FBF1 /* ViewController.swift */,
				81815DA51AE3B6F70060FBF1 /* Main.storyboard */,
				81815DA81AE3B6F70060FBF1 /* Images.xcassets */,
				81815DAA1AE3B6F70060FBF1 /* LaunchScreen.xib */,
				81815D9F1AE3B6F70060FBF1 /* Supporting Files */,
			);
			path = GiveLife;
			sourceTree = "<group>";
		};
		81815D9F1AE3B6F70060FBF1 /* Supporting Files */ = {
			isa = PBXGroup;
			children = (
				81815DA01AE3B6F70060FBF1 /* Info.plist */,
			);
			name = "Supporting Files";
			sourceTree = "<group>";
		};
		81815DB41AE3B6F70060FBF1 /* GiveLifeTests */ = {
			isa = PBXGroup;
			children = (
				81815DB71AE3B6F70060FBF1 /* GiveLifeTests.swift */,
				81815DB51AE3B6F70060FBF1 /* Supporting Files */,
			);
			path = GiveLifeTests;
			sourceTree = "<group>";
		};
		81815DB51AE3B6F70060FBF1 /* Supporting Files */ = {
			isa = PBXGroup;
			children = (
				81815DB61AE3B6F70060FBF1 /* Info.plist */,
			);
			name = "Supporting Files";
			sourceTree = "<group>";
		};
		81815DC61AE3B7450060FBF1 /* Frameworks */ = {
			isa = PBXGroup;
			children = (
				81815DD11AE3B82E0060FBF1 /* Bolts.framework */,
				81815DCF1AE3B7EE0060FBF1 /* Parse.framework */,
				81815DD31AE3B8AD0060FBF1 /* System Frameworks */,
			);
			name = Frameworks;
			sourceTree = "<group>";
		};
		81815DD31AE3B8AD0060FBF1 /* System Frameworks */ = {
			isa = PBXGroup;
			children = (
				81815DCD1AE3B7A60060FBF1 /* AudioToolbox.framework */,
				81815DCB1AE3B7800060FBF1 /* libsqlite3.dylib */,
				81815DC21AE3B73A0060FBF1 /* libstdc++.6.dylib */,
				81815DC41AE3B7420060FBF1 /* MobileCoreServices.framework */,
				81815DC71AE3B7690060FBF1 /* SystemConfiguration.framework */,
			);
			name = "System Frameworks";
			sourceTree = "<group>";
		};
/* End PBXGroup section */

/* Begin PBXNativeTarget section */
		81815D9B1AE3B6F70060FBF1 /* GiveLife */ = {
			isa = PBXNativeTarget;
			buildConfigurationList = 81815DBB1AE3B6F70060FBF1 /* Build configuration list for PBXNativeTarget "GiveLife" */;
			buildPhases = (
				81815D981AE3B6F70060FBF1 /* Sources */,
				81815D991AE3B6F70060FBF1 /* Frameworks */,
				81815D9A1AE3B6F70060FBF1 /* Resources */,
			);
			buildRules = (
			);
			dependencies = (
			);
			name = GiveLife;
			productName = GiveLife;
			productReference = 81815D9C1AE3B6F70060FBF1 /* GiveLife.app */;
			productType = "com.apple.product-type.application";
		};
		81815DB01AE3B6F70060FBF1 /* GiveLifeTests */ = {
			isa = PBXNativeTarget;
			buildConfigurationList = 81815DBE1AE3B6F70060FBF1 /* Build configuration list for PBXNativeTarget "GiveLifeTests" */;
			buildPhases = (
				81815DAD1AE3B6F70060FBF1 /* Sources */,
				81815DAE1AE3B6F70060FBF1 /* Frameworks */,
				81815DAF1AE3B6F70060FBF1 /* Resources */,
			);
			buildRules = (
			);
			dependencies = (
				81815DB31AE3B6F70060FBF1 /* PBXTargetDependency */,
			);
			name = GiveLifeTests;
			productName = GiveLifeTests;
			productReference = 81815DB11AE3B6F70060FBF1 /* GiveLifeTests.xctest */;
			productType = "com.apple.product-type.bundle.unit-test";
		};
/* End PBXNativeTarget section */

/* Begin PBXProject section */
		81815D941AE3B6F70060FBF1 /* Project object */ = {
			isa = PBXProject;
			attributes = {
				LastUpgradeCheck = 0630;
				ORGANIZATIONNAME = "Imaginary Solutions";
				TargetAttributes = {
					81815D9B1AE3B6F70060FBF1 = {
						CreatedOnToolsVersion = 6.3;
					};
					81815DB01AE3B6F70060FBF1 = {
						CreatedOnToolsVersion = 6.3;
						TestTargetID = 81815D9B1AE3B6F70060FBF1;
					};
				};
			};
			buildConfigurationList = 81815D971AE3B6F70060FBF1 /* Build configuration list for PBXProject "GiveLife" */;
			compatibilityVersion = "Xcode 3.2";
			developmentRegion = English;
			hasScannedForEncodings = 0;
			knownRegions = (
				en,
				Base,
			);
			mainGroup = 81815D931AE3B6F70060FBF1;
			productRefGroup = 81815D9D1AE3B6F70060FBF1 /* Products */;
			projectDirPath = "";
			projectRoot = "";
			targets = (
				81815D9B1AE3B6F70060FBF1 /* GiveLife */,
				81815DB01AE3B6F70060FBF1 /* GiveLifeTests */,
			);
		};
/* End PBXProject section */

/* Begin PBXResourcesBuildPhase section */
		81815D9A1AE3B6F70060FBF1 /* Resources */ = {
			isa = PBXResourcesBuildPhase;
			buildActionMask = 2147483647;
			files = (
				81815DA71AE3B6F70060FBF1 /* Main.storyboard in Resources */,
				81815DAC1AE3B6F70060FBF1 /* LaunchScreen.xib in Resources */,
				81815DA91AE3B6F70060FBF1 /* Images.xcassets in Resources */,
			);
			runOnlyForDeploymentPostprocessing = 0;
		};
		81815DAF1AE3B6F70060FBF1 /* Resources */ = {
			isa = PBXResourcesBuildPhase;
			buildActionMask = 2147483647;
			files = (
			);
			runOnlyForDeploymentPostprocessing = 0;
		};
/* End PBXResourcesBuildPhase section */

/* Begin PBXSourcesBuildPhase section */
		81815D981AE3B6F70060FBF1 /* Sources */ = {
			isa = PBXSourcesBuildPhase;
			buildActionMask = 2147483647;
			files = (
				81815DA41AE3B6F70060FBF1 /* ViewController.swift in Sources */,
				81815DA21AE3B6F70060FBF1 /* AppDelegate.swift in Sources */,
			);
			runOnlyForDeploymentPostprocessing = 0;
		};
		81815DAD1AE3B6F70060FBF1 /* Sources */ = {
			isa = PBXSourcesBuildPhase;
			buildActionMask = 2147483647;
			files = (
				81815DB81AE3B6F70060FBF1 /* GiveLifeTests.swift in Sources */,
			);
			runOnlyForDeploymentPostprocessing = 0;
		};
/* End PBXSourcesBuildPhase section */

/* Begin PBXTargetDependency section */
		81815DB31AE3B6F70060FBF1 /* PBXTargetDependency */ = {
			isa = PBXTargetDependency;
			target = 81815D9B1AE3B6F70060FBF1 /* GiveLife */;
			targetProxy = 81815DB21AE3B6F70060FBF1 /* PBXContainerItemProxy */;
		};
/* End PBXTargetDependency section */

/* Begin PBXVariantGroup section */
		81815DA51AE3B6F70060FBF1 /* Main.storyboard */ = {
			isa = PBXVariantGroup;
			children = (
				81815DA61AE3B6F70060FBF1 /* Base */,
			);
			name = Main.storyboard;
			sourceTree = "<group>";
		};
		81815DAA1AE3B6F70060FBF1 /* LaunchScreen.xib */ = {
			isa = PBXVariantGroup;
			children = (
				81815DAB1AE3B6F70060FBF1 /* Base */,
			);
			name = LaunchScreen.xib;
			sourceTree = "<group>";
		};
/* End PBXVariantGroup section */

/* Begin XCBuildConfiguration section */
		81815DB91AE3B6F70060FBF1 /* Debug */ = {
			isa = XCBuildConfiguration;
			buildSettings = {
				ALWAYS_SEARCH_USER_PATHS = NO;
				CLANG_CXX_LANGUAGE_STANDARD = "gnu++0x";
				CLANG_CXX_LIBRARY = "libc++";
				CLANG_ENABLE_MODULES = YES;
				CLANG_ENABLE_OBJC_ARC = YES;
				CLANG_WARN_BOOL_CONVERSION = YES;
				CLANG_WARN_CONSTANT_CONVERSION = YES;
				CLANG_WARN_DIRECT_OBJC_ISA_USAGE = YES_ERROR;
				CLANG_WARN_EMPTY_BODY = YES;
				CLANG_WARN_ENUM_CONVERSION = YES;
				CLANG_WARN_INT_CONVERSION = YES;
				CLANG_WARN_OBJC_ROOT_CLASS = YES_ERROR;
				CLANG_WARN_UNREACHABLE_CODE = YES;
				CLANG_WARN__DUPLICATE_METHOD_MATCH = YES;
				"CODE_SIGN_IDENTITY[sdk=iphoneos*]" = "iPhone Developer";
				COPY_PHASE_STRIP = NO;
				DEBUG_INFORMATION_FORMAT = "dwarf-with-dsym";
				ENABLE_STRICT_OBJC_MSGSEND = YES;
				GCC_C_LANGUAGE_STANDARD = gnu99;
				GCC_DYNAMIC_NO_PIC = NO;
				GCC_NO_COMMON_BLOCKS = YES;
				GCC_OPTIMIZATION_LEVEL = 0;
				GCC_PREPROCESSOR_DEFINITIONS = (
					"DEBUG=1",
					"$(inherited)",
				);
				GCC_SYMBOLS_PRIVATE_EXTERN = NO;
				GCC_WARN_64_TO_32_BIT_CONVERSION = YES;
				GCC_WARN_ABOUT_RETURN_TYPE = YES_ERROR;
				GCC_WARN_UNDECLARED_SELECTOR = YES;
				GCC_WARN_UNINITIALIZED_AUTOS = YES_AGGRESSIVE;
				GCC_WARN_UNUSED_FUNCTION = YES;
				GCC_WARN_UNUSED_VARIABLE = YES;
				IPHONEOS_DEPLOYMENT_TARGET = 8.3;
				MTL_ENABLE_DEBUG_INFO = YES;
				ONLY_ACTIVE_ARCH = YES;
				SDKROOT = iphoneos;
				SWIFT_OPTIMIZATION_LEVEL = "-Onone";
				TARGETED_DEVICE_FAMILY = "1,2";
			};
			name = Debug;
		};
		81815DBA1AE3B6F70060FBF1 /* Release */ = {
			isa = XCBuildConfiguration;
			buildSettings = {
				ALWAYS_SEARCH_USER_PATHS = NO;
				CLANG_CXX_LANGUAGE_STANDARD = "gnu++0x";
				CLANG_CXX_LIBRARY = "libc++";
				CLANG_ENABLE_MODULES = YES;
				CLANG_ENABLE_OBJC_ARC = YES;
				CLANG_WARN_BOOL_CONVERSION = YES;
				CLANG_WARN_CONSTANT_CONVERSION = YES;
				CLANG_WARN_DIRECT_OBJC_ISA_USAGE = YES_ERROR;
				CLANG_WARN_EMPTY_BODY = YES;
				CLANG_WARN_ENUM_CONVERSION = YES;
				CLANG_WARN_INT_CONVERSION = YES;
				CLANG_WARN_OBJC_ROOT_CLASS = YES_ERROR;
				CLANG_WARN_UNREACHABLE_CODE = YES;
				CLANG_WARN__DUPLICATE_METHOD_MATCH = YES;
				"CODE_SIGN_IDENTITY[sdk=iphoneos*]" = "iPhone Developer";
				COPY_PHASE_STRIP = NO;
				DEBUG_INFORMATION_FORMAT = "dwarf-with-dsym";
				ENABLE_NS_ASSERTIONS = NO;
				ENABLE_STRICT_OBJC_MSGSEND = YES;
				GCC_C_LANGUAGE_STANDARD = gnu99;
				GCC_NO_COMMON_BLOCKS = YES;
				GCC_WARN_64_TO_32_BIT_CONVERSION = YES;
				GCC_WARN_ABOUT_RETURN_TYPE = YES_ERROR;
				GCC_WARN_UNDECLARED_SELECTOR = YES;
				GCC_WARN_UNINITIALIZED_AUTOS = YES_AGGRESSIVE;
				GCC_WARN_UNUSED_FUNCTION = YES;
				GCC_WARN_UNUSED_VARIABLE = YES;
				IPHONEOS_DEPLOYMENT_TARGET = 8.3;
				MTL_ENABLE_DEBUG_INFO = NO;
				SDKROOT = iphoneos;
				TARGETED_DEVICE_FAMILY = "1,2";
				VALIDATE_PRODUCT = YES;
			};
			name = Release;
		};
		81815DBC1AE3B6F70060FBF1 /* Debug */ = {
			isa = XCBuildConfiguration;
			buildSettings = {
				ASSETCATALOG_COMPILER_APPICON_NAME = AppIcon;
				FRAMEWORK_SEARCH_PATHS = (
					"$(inherited)",
					"$(PROJECT_DIR)/Frameworks",
				);
				INFOPLIST_FILE = GiveLife/Info.plist;
				LD_RUNPATH_SEARCH_PATHS = "$(inherited) @executable_path/Frameworks";
				PRODUCT_NAME = "$(TARGET_NAME)";
			};
			name = Debug;
		};
		81815DBD1AE3B6F70060FBF1 /* Release */ = {
			isa = XCBuildConfiguration;
			buildSettings = {
				ASSETCATALOG_COMPILER_APPICON_NAME = AppIcon;
				FRAMEWORK_SEARCH_PATHS = (
					"$(inherited)",
					"$(PROJECT_DIR)/Frameworks",
				);
				INFOPLIST_FILE = GiveLife/Info.plist;
				LD_RUNPATH_SEARCH_PATHS = "$(inherited) @executable_path/Frameworks";
				PRODUCT_NAME = "$(TARGET_NAME)";
			};
			name = Release;
		};
		81815DBF1AE3B6F70060FBF1 /* Debug */ = {
			isa = XCBuildConfiguration;
			buildSettings = {
				BUNDLE_LOADER = "$(TEST_HOST)";
				FRAMEWORK_SEARCH_PATHS = (
					"$(SDKROOT)/Developer/Library/Frameworks",
					"$(inherited)",
				);
				GCC_PREPROCESSOR_DEFINITIONS = (
					"DEBUG=1",
					"$(inherited)",
				);
				INFOPLIST_FILE = GiveLifeTests/Info.plist;
				LD_RUNPATH_SEARCH_PATHS = "$(inherited) @executable_path/Frameworks @loader_path/Frameworks";
				PRODUCT_NAME = "$(TARGET_NAME)";
				TEST_HOST = "$(BUILT_PRODUCTS_DIR)/GiveLife.app/GiveLife";
			};
			name = Debug;
		};
		81815DC01AE3B6F70060FBF1 /* Release */ = {
			isa = XCBuildConfiguration;
			buildSettings = {
				BUNDLE_LOADER = "$(TEST_HOST)";
				FRAMEWORK_SEARCH_PATHS = (
					"$(SDKROOT)/Developer/Library/Frameworks",
					"$(inherited)",
				);
				INFOPLIST_FILE = GiveLifeTests/Info.plist;
				LD_RUNPATH_SEARCH_PATHS = "$(inherited) @executable_path/Frameworks @loader_path/Frameworks";
				PRODUCT_NAME = "$(TARGET_NAME)";
				TEST_HOST = "$(BUILT_PRODUCTS_DIR)/GiveLife.app/GiveLife";
			};
			name = Release;
		};
/* End XCBuildConfiguration section */

/* Begin XCConfigurationList section */
		81815D971AE3B6F70060FBF1 /* Build configuration list for PBXProject "GiveLife" */ = {
			isa = XCConfigurationList;
			buildConfigurations = (
				81815DB91AE3B6F70060FBF1 /* Debug */,
				81815DBA1AE3B6F70060FBF1 /* Release */,
			);
			defaultConfigurationIsVisible = 0;
			defaultConfigurationName = Release;
		};
		81815DBB1AE3B6F70060FBF1 /* Build configuration list for PBXNativeTarget "GiveLife" */ = {
			isa = XCConfigurationList;
			buildConfigurations = (
				81815DBC1AE3B6F70060FBF1 /* Debug */,
				81815DBD1AE3B6F70060FBF1 /* Release */,
			);
			defaultConfigurationIsVisible = 0;
		};
		81815DBE1AE3B6F70060FBF1 /* Build configuration list for PBXNativeTarget "GiveLifeTests" */ = {
			isa = XCConfigurationList;
			buildConfigurations = (
				81815DBF1AE3B6F70060FBF1 /* Debug */,
				81815DC01AE3B6F70060FBF1 /* Release */,
			);
			defaultConfigurationIsVisible = 0;
		};
/* End XCConfigurationList section */
	};
	rootObject = 81815D941AE3B6F70060FBF1 /* Project object */;
}
